// !$*UTF8*$!
{
	archiveVersion = 1;
	classes = {
	};
	objectVersion = 56;
	objects = {

/* Begin PBXBuildFile section */
		F66421112A9872F700DF24F0 /* FollowTaskApp.swift in Sources */ = {isa = PBXBuildFile; fileRef = F66421102A9872F700DF24F0 /* FollowTaskApp.swift */; };
		F66421152A9872F800DF24F0 /* Assets.xcassets in Resources */ = {isa = PBXBuildFile; fileRef = F66421142A9872F800DF24F0 /* Assets.xcassets */; };
		F66421182A9872F800DF24F0 /* Preview Assets.xcassets in Resources */ = {isa = PBXBuildFile; fileRef = F66421172A9872F800DF24F0 /* Preview Assets.xcassets */; };
		F66421202A98733E00DF24F0 /* ListView.swift in Sources */ = {isa = PBXBuildFile; fileRef = F664211F2A98733E00DF24F0 /* ListView.swift */; };
		F66421222A98759900DF24F0 /* ListRowView.swift in Sources */ = {isa = PBXBuildFile; fileRef = F66421212A98759900DF24F0 /* ListRowView.swift */; };
		F66421242A98779900DF24F0 /* AddView.swift in Sources */ = {isa = PBXBuildFile; fileRef = F66421232A98779900DF24F0 /* AddView.swift */; };
		F66421272A987CC800DF24F0 /* ItemModel.swift in Sources */ = {isa = PBXBuildFile; fileRef = F66421262A987CC800DF24F0 /* ItemModel.swift */; };
		F664212A2A98804900DF24F0 /* ListViewModel.swift in Sources */ = {isa = PBXBuildFile; fileRef = F66421292A98804900DF24F0 /* ListViewModel.swift */; };
		F664212C2A988BFB00DF24F0 /* NoItemsView.swift in Sources */ = {isa = PBXBuildFile; fileRef = F664212B2A988BFB00DF24F0 /* NoItemsView.swift */; };
		F664212F2A98936400DF24F0 /* LaunchScreen.storyboard in Resources */ = {isa = PBXBuildFile; fileRef = F664212E2A98936400DF24F0 /* LaunchScreen.storyboard */; };
/* End PBXBuildFile section */

/* Begin PBXFileReference section */
		F664210D2A9872F700DF24F0 /* FollowTask.app */ = {isa = PBXFileReference; explicitFileType = wrapper.application; includeInIndex = 0; path = FollowTask.app; sourceTree = BUILT_PRODUCTS_DIR; };
		F66421102A9872F700DF24F0 /* FollowTaskApp.swift */ = {isa = PBXFileReference; lastKnownFileType = sourcecode.swift; path = FollowTaskApp.swift; sourceTree = "<group>"; };
		F66421142A9872F800DF24F0 /* Assets.xcassets */ = {isa = PBXFileReference; lastKnownFileType = folder.assetcatalog; path = Assets.xcassets; sourceTree = "<group>"; };
		F66421172A9872F800DF24F0 /* Preview Assets.xcassets */ = {isa = PBXFileReference; lastKnownFileType = folder.assetcatalog; path = "Preview Assets.xcassets"; sourceTree = "<group>"; };
		F664211F2A98733E00DF24F0 /* ListView.swift */ = {isa = PBXFileReference; lastKnownFileType = sourcecode.swift; path = ListView.swift; sourceTree = "<group>"; };
		F66421212A98759900DF24F0 /* ListRowView.swift */ = {isa = PBXFileReference; lastKnownFileType = sourcecode.swift; path = ListRowView.swift; sourceTree = "<group>"; };
		F66421232A98779900DF24F0 /* AddView.swift */ = {isa = PBXFileReference; lastKnownFileType = sourcecode.swift; path = AddView.swift; sourceTree = "<group>"; };
		F66421262A987CC800DF24F0 /* ItemModel.swift */ = {isa = PBXFileReference; lastKnownFileType = sourcecode.swift; path = ItemModel.swift; sourceTree = "<group>"; };
		F66421292A98804900DF24F0 /* ListViewModel.swift */ = {isa = PBXFileReference; lastKnownFileType = sourcecode.swift; path = ListViewModel.swift; sourceTree = "<group>"; };
		F664212B2A988BFB00DF24F0 /* NoItemsView.swift */ = {isa = PBXFileReference; lastKnownFileType = sourcecode.swift; path = NoItemsView.swift; sourceTree = "<group>"; };
		F664212D2A98933500DF24F0 /* Info.plist */ = {isa = PBXFileReference; lastKnownFileType = text.plist; path = Info.plist; sourceTree = "<group>"; };
		F664212E2A98936400DF24F0 /* LaunchScreen.storyboard */ = {isa = PBXFileReference; lastKnownFileType = file.storyboard; path = LaunchScreen.storyboard; sourceTree = "<group>"; };
/* End PBXFileReference section */

/* Begin PBXFrameworksBuildPhase section */
		F664210A2A9872F700DF24F0 /* Frameworks */ = {
			isa = PBXFrameworksBuildPhase;
			buildActionMask = 2147483647;
			files = (
			);
			runOnlyForDeploymentPostprocessing = 0;
		};
/* End PBXFrameworksBuildPhase section */

/* Begin PBXGroup section */
		F66421042A9872F700DF24F0 = {
			isa = PBXGroup;
			children = (
				F664210F2A9872F700DF24F0 /* FollowTask */,
				F664210E2A9872F700DF24F0 /* Products */,
			);
			sourceTree = "<group>";
		};
		F664210E2A9872F700DF24F0 /* Products */ = {
			isa = PBXGroup;
			children = (
				F664210D2A9872F700DF24F0 /* FollowTask.app */,
			);
			name = Products;
			sourceTree = "<group>";
		};
		F664210F2A9872F700DF24F0 /* FollowTask */ = {
			isa = PBXGroup;
			children = (
				F664212D2A98933500DF24F0 /* Info.plist */,
				F66421102A9872F700DF24F0 /* FollowTaskApp.swift */,
				F66421252A987CA000DF24F0 /* Models */,
				F66421282A98802300DF24F0 /* ViewModels */,
				F664211E2A98732600DF24F0 /* Views */,
				F66421142A9872F800DF24F0 /* Assets.xcassets */,
				F66421162A9872F800DF24F0 /* Preview Content */,
			);
			path = FollowTask;
			sourceTree = "<group>";
		};
		F66421162A9872F800DF24F0 /* Preview Content */ = {
			isa = PBXGroup;
			children = (
				F66421172A9872F800DF24F0 /* Preview Assets.xcassets */,
			);
			path = "Preview Content";
			sourceTree = "<group>";
		};
		F664211E2A98732600DF24F0 /* Views */ = {
			isa = PBXGroup;
			children = (
				F664211F2A98733E00DF24F0 /* ListView.swift */,
				F66421212A98759900DF24F0 /* ListRowView.swift */,
				F66421232A98779900DF24F0 /* AddView.swift */,
				F664212B2A988BFB00DF24F0 /* NoItemsView.swift */,
				F664212E2A98936400DF24F0 /* LaunchScreen.storyboard */,
			);
			path = Views;
			sourceTree = "<group>";
		};
		F66421252A987CA000DF24F0 /* Models */ = {
			isa = PBXGroup;
			children = (
				F66421262A987CC800DF24F0 /* ItemModel.swift */,
			);
			path = Models;
			sourceTree = "<group>";
		};
		F66421282A98802300DF24F0 /* ViewModels */ = {
			isa = PBXGroup;
			children = (
				F66421292A98804900DF24F0 /* ListViewModel.swift */,
			);
			path = ViewModels;
			sourceTree = "<group>";
		};
/* End PBXGroup section */

/* Begin PBXNativeTarget section */
		F664210C2A9872F700DF24F0 /* FollowTask */ = {
			isa = PBXNativeTarget;
			buildConfigurationList = F664211B2A9872F800DF24F0 /* Build configuration list for PBXNativeTarget "FollowTask" */;
			buildPhases = (
				F66421092A9872F700DF24F0 /* Sources */,
				F664210A2A9872F700DF24F0 /* Frameworks */,
				F664210B2A9872F700DF24F0 /* Resources */,
			);
			buildRules = (
			);
			dependencies = (
			);
			name = FollowTask;
			productName = FollowTask;
			productReference = F664210D2A9872F700DF24F0 /* FollowTask.app */;
			productType = "com.apple.product-type.application";
		};
/* End PBXNativeTarget section */

/* Begin PBXProject section */
		F66421052A9872F700DF24F0 /* Project object */ = {
			isa = PBXProject;
			attributes = {
				BuildIndependentTargetsInParallel = 1;
				LastSwiftUpdateCheck = 1430;
				LastUpgradeCheck = 1430;
				TargetAttributes = {
					F664210C2A9872F700DF24F0 = {
						CreatedOnToolsVersion = 14.3.1;
					};
				};
			};
			buildConfigurationList = F66421082A9872F700DF24F0 /* Build configuration list for PBXProject "FollowTask" */;
			compatibilityVersion = "Xcode 14.0";
			developmentRegion = en;
			hasScannedForEncodings = 0;
			knownRegions = (
				en,
				Base,
			);
			mainGroup = F66421042A9872F700DF24F0;
			productRefGroup = F664210E2A9872F700DF24F0 /* Products */;
			projectDirPath = "";
			projectRoot = "";
			targets = (
				F664210C2A9872F700DF24F0 /* FollowTask */,
			);
		};
/* End PBXProject section */

/* Begin PBXResourcesBuildPhase section */
		F664210B2A9872F700DF24F0 /* Resources */ = {
			isa = PBXResourcesBuildPhase;
			buildActionMask = 2147483647;
			files = (
				F664212F2A98936400DF24F0 /* LaunchScreen.storyboard in Resources */,
				F66421182A9872F800DF24F0 /* Preview Assets.xcassets in Resources */,
				F66421152A9872F800DF24F0 /* Assets.xcassets in Resources */,
			);
			runOnlyForDeploymentPostprocessing = 0;
		};
/* End PBXResourcesBuildPhase section */

/* Begin PBXSourcesBuildPhase section */
		F66421092A9872F700DF24F0 /* Sources */ = {
			isa = PBXSourcesBuildPhase;
			buildActionMask = 2147483647;
			files = (
				F66421272A987CC800DF24F0 /* ItemModel.swift in Sources */,
				F66421242A98779900DF24F0 /* AddView.swift in Sources */,
				F664212A2A98804900DF24F0 /* ListViewModel.swift in Sources */,
				F66421112A9872F700DF24F0 /* FollowTaskApp.swift in Sources */,
				F66421202A98733E00DF24F0 /* ListView.swift in Sources */,
				F664212C2A988BFB00DF24F0 /* NoItemsView.swift in Sources */,
				F66421222A98759900DF24F0 /* ListRowView.swift in Sources */,
			);
			runOnlyForDeploymentPostprocessing = 0;
		};
/* End PBXSourcesBuildPhase section */

/* Begin XCBuildConfiguration section */
		F66421192A9872F800DF24F0 /* Debug */ = {
			isa = XCBuildConfiguration;
			buildSettings = {
				ALWAYS_SEARCH_USER_PATHS = NO;
				CLANG_ANALYZER_NONNULL = YES;
				CLANG_ANALYZER_NUMBER_OBJECT_CONVERSION = YES_AGGRESSIVE;
				CLANG_CXX_LANGUAGE_STANDARD = "gnu++20";
				CLANG_ENABLE_MODULES = YES;
				CLANG_ENABLE_OBJC_ARC = YES;
				CLANG_ENABLE_OBJC_WEAK = YES;
				CLANG_WARN_BLOCK_CAPTURE_AUTORELEASING = YES;
				CLANG_WARN_BOOL_CONVERSION = YES;
				CLANG_WARN_COMMA = YES;
				CLANG_WARN_CONSTANT_CONVERSION = YES;
				CLANG_WARN_DEPRECATED_OBJC_IMPLEMENTATIONS = YES;
				CLANG_WARN_DIRECT_OBJC_ISA_USAGE = YES_ERROR;
				CLANG_WARN_DOCUMENTATION_COMMENTS = YES;
				CLANG_WARN_EMPTY_BODY = YES;
				CLANG_WARN_ENUM_CONVERSION = YES;
				CLANG_WARN_INFINITE_RECURSION = YES;
				CLANG_WARN_INT_CONVERSION = YES;
				CLANG_WARN_NON_LITERAL_NULL_CONVERSION = YES;
				CLANG_WARN_OBJC_IMPLICIT_RETAIN_SELF = YES;
				CLANG_WARN_OBJC_LITERAL_CONVERSION = YES;
				CLANG_WARN_OBJC_ROOT_CLASS = YES_ERROR;
				CLANG_WARN_QUOTED_INCLUDE_IN_FRAMEWORK_HEADER = YES;
				CLANG_WARN_RANGE_LOOP_ANALYSIS = YES;
				CLANG_WARN_STRICT_PROTOTYPES = YES;
				CLANG_WARN_SUSPICIOUS_MOVE = YES;
				CLANG_WARN_UNGUARDED_AVAILABILITY = YES_AGGRESSIVE;
				CLANG_WARN_UNREACHABLE_CODE = YES;
				CLANG_WARN__DUPLICATE_METHOD_MATCH = YES;
				COPY_PHASE_STRIP = NO;
				DEBUG_INFORMATION_FORMAT = dwarf;
				ENABLE_STRICT_OBJC_MSGSEND = YES;
				ENABLE_TESTABILITY = YES;
				GCC_C_LANGUAGE_STANDARD = gnu11;
				GCC_DYNAMIC_NO_PIC = NO;
				GCC_NO_COMMON_BLOCKS = YES;
				GCC_OPTIMIZATION_LEVEL = 0;
				GCC_PREPROCESSOR_DEFINITIONS = (
					"DEBUG=1",
					"$(inherited)",
				);
				GCC_WARN_64_TO_32_BIT_CONVERSION = YES;
				GCC_WARN_ABOUT_RETURN_TYPE = YES_ERROR;
				GCC_WARN_UNDECLARED_SELECTOR = YES;
				GCC_WARN_UNINITIALIZED_AUTOS = YES_AGGRESSIVE;
				GCC_WARN_UNUSED_FUNCTION = YES;
				GCC_WARN_UNUSED_VARIABLE = YES;
				IPHONEOS_DEPLOYMENT_TARGET = 16.4;
				MTL_ENABLE_DEBUG_INFO = INCLUDE_SOURCE;
				MTL_FAST_MATH = YES;
				ONLY_ACTIVE_ARCH = YES;
				SDKROOT = iphoneos;
				SWIFT_ACTIVE_COMPILATION_CONDITIONS = DEBUG;
				SWIFT_OPTIMIZATION_LEVEL = "-Onone";
			};
			name = Debug;
		};
		F664211A2A9872F800DF24F0 /* Release */ = {
			isa = XCBuildConfiguration;
			buildSettings = {
				ALWAYS_SEARCH_USER_PATHS = NO;
				CLANG_ANALYZER_NONNULL = YES;
				CLANG_ANALYZER_NUMBER_OBJECT_CONVERSION = YES_AGGRESSIVE;
				CLANG_CXX_LANGUAGE_STANDARD = "gnu++20";
				CLANG_ENABLE_MODULES = YES;
				CLANG_ENABLE_OBJC_ARC = YES;
				CLANG_ENABLE_OBJC_WEAK = YES;
				CLANG_WARN_BLOCK_CAPTURE_AUTORELEASING = YES;
				CLANG_WARN_BOOL_CONVERSION = YES;
				CLANG_WARN_COMMA = YES;
				CLANG_WARN_CONSTANT_CONVERSION = YES;
				CLANG_WARN_DEPRECATED_OBJC_IMPLEMENTATIONS = YES;
				CLANG_WARN_DIRECT_OBJC_ISA_USAGE = YES_ERROR;
				CLANG_WARN_DOCUMENTATION_COMMENTS = YES;
				CLANG_WARN_EMPTY_BODY = YES;
				CLANG_WARN_ENUM_CONVERSION = YES;
				CLANG_WARN_INFINITE_RECURSION = YES;
				CLANG_WARN_INT_CONVERSION = YES;
				CLANG_WARN_NON_LITERAL_NULL_CONVERSION = YES;
				CLANG_WARN_OBJC_IMPLICIT_RETAIN_SELF = YES;
				CLANG_WARN_OBJC_LITERAL_CONVERSION = YES;
				CLANG_WARN_OBJC_ROOT_CLASS = YES_ERROR;
				CLANG_WARN_QUOTED_INCLUDE_IN_FRAMEWORK_HEADER = YES;
				CLANG_WARN_RANGE_LOOP_ANALYSIS = YES;
				CLANG_WARN_STRICT_PROTOTYPES = YES;
				CLANG_WARN_SUSPICIOUS_MOVE = YES;
				CLANG_WARN_UNGUARDED_AVAILABILITY = YES_AGGRESSIVE;
				CLANG_WARN_UNREACHABLE_CODE = YES;
				CLANG_WARN__DUPLICATE_METHOD_MATCH = YES;
				COPY_PHASE_STRIP = NO;
				DEBUG_INFORMATION_FORMAT = "dwarf-with-dsym";
				ENABLE_NS_ASSERTIONS = NO;
				ENABLE_STRICT_OBJC_MSGSEND = YES;
				GCC_C_LANGUAGE_STANDARD = gnu11;
				GCC_NO_COMMON_BLOCKS = YES;
				GCC_WARN_64_TO_32_BIT_CONVERSION = YES;
				GCC_WARN_ABOUT_RETURN_TYPE = YES_ERROR;
				GCC_WARN_UNDECLARED_SELECTOR = YES;
				GCC_WARN_UNINITIALIZED_AUTOS = YES_AGGRESSIVE;
				GCC_WARN_UNUSED_FUNCTION = YES;
				GCC_WARN_UNUSED_VARIABLE = YES;
				IPHONEOS_DEPLOYMENT_TARGET = 16.4;
				MTL_ENABLE_DEBUG_INFO = NO;
				MTL_FAST_MATH = YES;
				SDKROOT = iphoneos;
				SWIFT_COMPILATION_MODE = wholemodule;
				SWIFT_OPTIMIZATION_LEVEL = "-O";
				VALIDATE_PRODUCT = YES;
			};
			name = Release;
		};
		F664211C2A9872F800DF24F0 /* Debug */ = {
			isa = XCBuildConfiguration;
			buildSettings = {
				ASSETCATALOG_COMPILER_APPICON_NAME = AppIcon;
				ASSETCATALOG_COMPILER_GLOBAL_ACCENT_COLOR_NAME = AccentColor;
				CODE_SIGN_STYLE = Automatic;
				CURRENT_PROJECT_VERSION = 1;
				DEVELOPMENT_ASSET_PATHS = "\"FollowTask/Preview Content\"";
				DEVELOPMENT_TEAM = J44DC23JQ8;
				ENABLE_PREVIEWS = YES;
				GENERATE_INFOPLIST_FILE = YES;
				INFOPLIST_FILE = FollowTask/Info.plist;
				INFOPLIST_KEY_CFBundleDisplayName = "Follow Task";
				INFOPLIST_KEY_UIApplicationSceneManifest_Generation = YES;
				INFOPLIST_KEY_UIApplicationSupportsIndirectInputEvents = YES;
				INFOPLIST_KEY_UILaunchStoryboardName = LaunchScreen.storyboard;
				INFOPLIST_KEY_UISupportedInterfaceOrientations_iPad = "UIInterfaceOrientationPortrait UIInterfaceOrientationPortraitUpsideDown UIInterfaceOrientationLandscapeLeft UIInterfaceOrientationLandscapeRight";
				INFOPLIST_KEY_UISupportedInterfaceOrientations_iPhone = "UIInterfaceOrientationPortrait UIInterfaceOrientationLandscapeLeft UIInterfaceOrientationLandscapeRight";
				LD_RUNPATH_SEARCH_PATHS = (
					"$(inherited)",
					"@executable_path/Frameworks",
				);
				MARKETING_VERSION = 1.0;
				PRODUCT_BUNDLE_IDENTIFIER = com.hieuleuxuan.FollowTask;
				PRODUCT_NAME = "$(TARGET_NAME)";
				SWIFT_EMIT_LOC_STRINGS = YES;
				SWIFT_VERSION = 5.0;
				TARGETED_DEVICE_FAMILY = "1,2";
			};
			name = Debug;
		};
		F664211D2A9872F800DF24F0 /* Release */ = {
			isa = XCBuildConfiguration;
			buildSettings = {
				ASSETCATALOG_COMPILER_APPICON_NAME = AppIcon;
				ASSETCATALOG_COMPILER_GLOBAL_ACCENT_COLOR_NAME = AccentColor;
				CODE_SIGN_STYLE = Automatic;
				CURRENT_PROJECT_VERSION = 1;
				DEVELOPMENT_ASSET_PATHS = "\"FollowTask/Preview Content\"";
				DEVELOPMENT_TEAM = J44DC23JQ8;
				ENABLE_PREVIEWS = YES;
				GENERATE_INFOPLIST_FILE = YES;
				INFOPLIST_FILE = FollowTask/Info.plist;
				INFOPLIST_KEY_CFBundleDisplayName = "Follow Task";
				INFOPLIST_KEY_UIApplicationSceneManifest_Generation = YES;
				INFOPLIST_KEY_UIApplicationSupportsIndirectInputEvents = YES;
				INFOPLIST_KEY_UILaunchStoryboardName = LaunchScreen.storyboard;
				INFOPLIST_KEY_UISupportedInterfaceOrientations_iPad = "UIInterfaceOrientationPortrait UIInterfaceOrientationPortraitUpsideDown UIInterfaceOrientationLandscapeLeft UIInterfaceOrientationLandscapeRight";
				INFOPLIST_KEY_UISupportedInterfaceOrientations_iPhone = "UIInterfaceOrientationPortrait UIInterfaceOrientationLandscapeLeft UIInterfaceOrientationLandscapeRight";
				LD_RUNPATH_SEARCH_PATHS = (
					"$(inherited)",
					"@executable_path/Frameworks",
				);
				MARKETING_VERSION = 1.0;
				PRODUCT_BUNDLE_IDENTIFIER = com.hieuleuxuan.FollowTask;
				PRODUCT_NAME = "$(TARGET_NAME)";
				SWIFT_EMIT_LOC_STRINGS = YES;
				SWIFT_VERSION = 5.0;
				TARGETED_DEVICE_FAMILY = "1,2";
			};
			name = Release;
		};
/* End XCBuildConfiguration section */

/* Begin XCConfigurationList section */
		F66421082A9872F700DF24F0 /* Build configuration list for PBXProject "FollowTask" */ = {
			isa = XCConfigurationList;
			buildConfigurations = (
				F66421192A9872F800DF24F0 /* Debug */,
				F664211A2A9872F800DF24F0 /* Release */,
			);
			defaultConfigurationIsVisible = 0;
			defaultConfigurationName = Release;
		};
		F664211B2A9872F800DF24F0 /* Build configuration list for PBXNativeTarget "FollowTask" */ = {
			isa = XCConfigurationList;
			buildConfigurations = (
				F664211C2A9872F800DF24F0 /* Debug */,
				F664211D2A9872F800DF24F0 /* Release */,
			);
			defaultConfigurationIsVisible = 0;
			defaultConfigurationName = Release;
		};
/* End XCConfigurationList section */
	};
	rootObject = F66421052A9872F700DF24F0 /* Project object */;
}
